
Microsoft Visual Studio Solution File, Format Version 12.00
# Visual Studio Version 17
VisualStudioVersion = 17.7.34031.279
MinimumVisualStudioVersion = 10.0.40219.1
Project("{FAE04EC0-301F-11D3-BF4B-00C04F79EFBC}") = "NormaleCheсk", "NormaleCheсk\NormaleCheсk.csproj", "{3FFD59CD-FE59-489D-9F38-50929AEAE805}"
EndProject
Global
	GlobalSection(SolutionConfigurationPlatforms) = preSolution
		Debug|Any CPU = Debug|Any CPU
		Release|Any CPU = Release|Any CPU
	EndGlobalSection
	GlobalSection(ProjectConfigurationPlatforms) = postSolution
		{3FFD59CD-FE59-489D-9F38-50929AEAE805}.Debug|Any CPU.ActiveCfg = Debug|Any CPU
		{3FFD59CD-FE59-489D-9F38-50929AEAE805}.Debug|Any CPU.Build.0 = Debug|Any CPU
		{3FFD59CD-FE59-489D-9F38-50929AEAE805}.Release|Any CPU.ActiveCfg = Release|Any CPU
		{3FFD59CD-FE59-489D-9F38-50929AEAE805}.Release|Any CPU.Build.0 = Release|Any CPU
	EndGlobalSection
	GlobalSection(SolutionProperties) = preSolution
		HideSolutionNode = FALSE
	EndGlobalSection
	GlobalSection(ExtensibilityGlobals) = postSolution
		SolutionGuid = {04F05577-F401-4E14-A1EC-F624329A6ACB}
	EndGlobalSection
EndGlobal
